// !$*UTF8*$!
{
	archiveVersion = 1;
	classes = {
	};
	objectVersion = 55;
	objects = {

/* Begin PBXBuildFile section */
		609716DB287D75230084A63C /* AppDelegate.swift in Sources */ = {isa = PBXBuildFile; fileRef = 609716DA287D75230084A63C /* AppDelegate.swift */; };
		609716DD287D75230084A63C /* SceneDelegate.swift in Sources */ = {isa = PBXBuildFile; fileRef = 609716DC287D75230084A63C /* SceneDelegate.swift */; };
		609716DF287D75230084A63C /* InitialViewController.swift in Sources */ = {isa = PBXBuildFile; fileRef = 609716DE287D75230084A63C /* InitialViewController.swift */; };
		609716E2287D75230084A63C /* Main.storyboard in Resources */ = {isa = PBXBuildFile; fileRef = 609716E0287D75230084A63C /* Main.storyboard */; };
		609716E4287D752B0084A63C /* Assets.xcassets in Resources */ = {isa = PBXBuildFile; fileRef = 609716E3287D752B0084A63C /* Assets.xcassets */; };
		609716E7287D752B0084A63C /* LaunchScreen.storyboard in Resources */ = {isa = PBXBuildFile; fileRef = 609716E5287D752B0084A63C /* LaunchScreen.storyboard */; };
		609716F3287D7C1D0084A63C /* AuthCoordinator.swift in Sources */ = {isa = PBXBuildFile; fileRef = 609716F2287D7C1D0084A63C /* AuthCoordinator.swift */; };
		609716F5287D7C720084A63C /* MainFlowCoordinator.swift in Sources */ = {isa = PBXBuildFile; fileRef = 609716F4287D7C720084A63C /* MainFlowCoordinator.swift */; };
		609716F8287D7D880084A63C /* AppCoordinator.swift in Sources */ = {isa = PBXBuildFile; fileRef = 609716F7287D7D880084A63C /* AppCoordinator.swift */; };
		609716FA287D7EBF0084A63C /* UIImage+Assets.swift in Sources */ = {isa = PBXBuildFile; fileRef = 609716F9287D7EBF0084A63C /* UIImage+Assets.swift */; };
		609716FC287D7FD20084A63C /* UIColor+Assets.swift in Sources */ = {isa = PBXBuildFile; fileRef = 609716FB287D7FD20084A63C /* UIColor+Assets.swift */; };
		60971706287D821A0084A63C /* EventsPresenter.swift in Sources */ = {isa = PBXBuildFile; fileRef = 60971700287D821A0084A63C /* EventsPresenter.swift */; };
		60971707287D821A0084A63C /* EventsRouter.swift in Sources */ = {isa = PBXBuildFile; fileRef = 60971701287D821A0084A63C /* EventsRouter.swift */; };
		60971708287D821A0084A63C /* EventsViewController.swift in Sources */ = {isa = PBXBuildFile; fileRef = 60971702287D821A0084A63C /* EventsViewController.swift */; };
		60971709287D821A0084A63C /* EventsProtocols.swift in Sources */ = {isa = PBXBuildFile; fileRef = 60971703287D821A0084A63C /* EventsProtocols.swift */; };
		6097170A287D821A0084A63C /* EventsInteractor.swift in Sources */ = {isa = PBXBuildFile; fileRef = 60971704287D821A0084A63C /* EventsInteractor.swift */; };
		6097170B287D821A0084A63C /* EventsContainer.swift in Sources */ = {isa = PBXBuildFile; fileRef = 60971705287D821A0084A63C /* EventsContainer.swift */; };
		6097171E287D824A0084A63C /* ProfilePresenter.swift in Sources */ = {isa = PBXBuildFile; fileRef = 60971718287D82490084A63C /* ProfilePresenter.swift */; };
		6097171F287D824A0084A63C /* ProfileRouter.swift in Sources */ = {isa = PBXBuildFile; fileRef = 60971719287D82490084A63C /* ProfileRouter.swift */; };
		60971720287D824A0084A63C /* ProfileViewController.swift in Sources */ = {isa = PBXBuildFile; fileRef = 6097171A287D82490084A63C /* ProfileViewController.swift */; };
		60971721287D824A0084A63C /* ProfileProtocols.swift in Sources */ = {isa = PBXBuildFile; fileRef = 6097171B287D82490084A63C /* ProfileProtocols.swift */; };
		60971722287D824A0084A63C /* ProfileInteractor.swift in Sources */ = {isa = PBXBuildFile; fileRef = 6097171C287D82490084A63C /* ProfileInteractor.swift */; };
		60971723287D824A0084A63C /* ProfileContainer.swift in Sources */ = {isa = PBXBuildFile; fileRef = 6097171D287D82490084A63C /* ProfileContainer.swift */; };
		6097172A287D83360084A63C /* FavouritesPresenter.swift in Sources */ = {isa = PBXBuildFile; fileRef = 60971724287D83360084A63C /* FavouritesPresenter.swift */; };
		6097172B287D83360084A63C /* FavouritesRouter.swift in Sources */ = {isa = PBXBuildFile; fileRef = 60971725287D83360084A63C /* FavouritesRouter.swift */; };
		6097172C287D83360084A63C /* FavouritesViewController.swift in Sources */ = {isa = PBXBuildFile; fileRef = 60971726287D83360084A63C /* FavouritesViewController.swift */; };
		6097172D287D83360084A63C /* FavouritesProtocols.swift in Sources */ = {isa = PBXBuildFile; fileRef = 60971727287D83360084A63C /* FavouritesProtocols.swift */; };
		6097172E287D83360084A63C /* FavouritesInteractor.swift in Sources */ = {isa = PBXBuildFile; fileRef = 60971728287D83360084A63C /* FavouritesInteractor.swift */; };
		6097172F287D83360084A63C /* FavouritesContainer.swift in Sources */ = {isa = PBXBuildFile; fileRef = 60971729287D83360084A63C /* FavouritesContainer.swift */; };
		60971731287D840A0084A63C /* InitialRouter.swift in Sources */ = {isa = PBXBuildFile; fileRef = 60971730287D840A0084A63C /* InitialRouter.swift */; };
		60971733287D84CA0084A63C /* InitialAssembly.swift in Sources */ = {isa = PBXBuildFile; fileRef = 60971732287D84CA0084A63C /* InitialAssembly.swift */; };
		60971735287D875B0084A63C /* ResuseIdentifire.swift in Sources */ = {isa = PBXBuildFile; fileRef = 60971734287D875B0084A63C /* ResuseIdentifire.swift */; };
		60971737287D87C90084A63C /* UIView+Constraints.swift in Sources */ = {isa = PBXBuildFile; fileRef = 60971736287D87C90084A63C /* UIView+Constraints.swift */; };
		60971739287D8B7B0084A63C /* UIFont + size.swift in Sources */ = {isa = PBXBuildFile; fileRef = 60971738287D8B7B0084A63C /* UIFont + size.swift */; };
		6097174D287D8F200084A63C /* SFProDisplay-Regular.ttf in Resources */ = {isa = PBXBuildFile; fileRef = 60971746287D8F100084A63C /* SFProDisplay-Regular.ttf */; };
		6097174E287D8F200084A63C /* SFProDisplay-Semibold.ttf in Resources */ = {isa = PBXBuildFile; fileRef = 6097173F287D8F0E0084A63C /* SFProDisplay-Semibold.ttf */; };
		6097174F287D8F200084A63C /* SFProDisplay-Bold.ttf in Resources */ = {isa = PBXBuildFile; fileRef = 6097173D287D8F0E0084A63C /* SFProDisplay-Bold.ttf */; };
		60971751287D8F200084A63C /* SFProDisplay-Black.ttf in Resources */ = {isa = PBXBuildFile; fileRef = 60971741287D8F0F0084A63C /* SFProDisplay-Black.ttf */; };
		60971754287D8F200084A63C /* SFProDisplay-Medium.ttf in Resources */ = {isa = PBXBuildFile; fileRef = 6097173E287D8F0E0084A63C /* SFProDisplay-Medium.ttf */; };
		6097175B287D8F200084A63C /* SFProDisplay-Light.ttf in Resources */ = {isa = PBXBuildFile; fileRef = 60971743287D8F0F0084A63C /* SFProDisplay-Light.ttf */; };
		6097175C287D8F200084A63C /* SFProDisplay-Heavy.ttf in Resources */ = {isa = PBXBuildFile; fileRef = 6097174A287D8F110084A63C /* SFProDisplay-Heavy.ttf */; };
		60971761287D94710084A63C /* AppButton.swift in Sources */ = {isa = PBXBuildFile; fileRef = 60971760287D94710084A63C /* AppButton.swift */; };
		60971763287D9BD80084A63C /* NavigationBarWithLogo.swift in Sources */ = {isa = PBXBuildFile; fileRef = 60971762287D9BD80084A63C /* NavigationBarWithLogo.swift */; };
		60971765287D9C630084A63C /* NavigationBarWithLogoAndActions.swift in Sources */ = {isa = PBXBuildFile; fileRef = 60971764287D9C630084A63C /* NavigationBarWithLogoAndActions.swift */; };
		6097176D287DA60D0084A63C /* EnterPresenter.swift in Sources */ = {isa = PBXBuildFile; fileRef = 60971767287DA60D0084A63C /* EnterPresenter.swift */; };
		6097176E287DA60D0084A63C /* EnterRouter.swift in Sources */ = {isa = PBXBuildFile; fileRef = 60971768287DA60D0084A63C /* EnterRouter.swift */; };
		6097176F287DA60D0084A63C /* EnterViewController.swift in Sources */ = {isa = PBXBuildFile; fileRef = 60971769287DA60D0084A63C /* EnterViewController.swift */; };
		60971770287DA60D0084A63C /* EnterProtocols.swift in Sources */ = {isa = PBXBuildFile; fileRef = 6097176A287DA60D0084A63C /* EnterProtocols.swift */; };
		60971771287DA60D0084A63C /* EnterInteractor.swift in Sources */ = {isa = PBXBuildFile; fileRef = 6097176B287DA60D0084A63C /* EnterInteractor.swift */; };
		60971772287DA60D0084A63C /* EnterContainer.swift in Sources */ = {isa = PBXBuildFile; fileRef = 6097176C287DA60D0084A63C /* EnterContainer.swift */; };
		60971774287DB7790084A63C /* LabelTexts.swift in Sources */ = {isa = PBXBuildFile; fileRef = 60971773287DB7790084A63C /* LabelTexts.swift */; };
		60971776287DB9F60084A63C /* AppTextField.swift in Sources */ = {isa = PBXBuildFile; fileRef = 60971775287DB9F60084A63C /* AppTextField.swift */; };
		60971778287DBBD50084A63C /* DynamicStackWithTF.swift in Sources */ = {isa = PBXBuildFile; fileRef = 60971777287DBBD50084A63C /* DynamicStackWithTF.swift */; };
		6097177C287EC2C90084A63C /* HowToEnterStackView.swift in Sources */ = {isa = PBXBuildFile; fileRef = 6097177B287EC2C90084A63C /* HowToEnterStackView.swift */; };
		6097177E287ED0DD0084A63C /* UIView+Recognizers.swift in Sources */ = {isa = PBXBuildFile; fileRef = 6097177D287ED0DD0084A63C /* UIView+Recognizers.swift */; };
		60971787287EDE4A0084A63C /* RegisterPresenter.swift in Sources */ = {isa = PBXBuildFile; fileRef = 60971781287EDE4A0084A63C /* RegisterPresenter.swift */; };
		60971788287EDE4A0084A63C /* RegisterRouter.swift in Sources */ = {isa = PBXBuildFile; fileRef = 60971782287EDE4A0084A63C /* RegisterRouter.swift */; };
		60971789287EDE4A0084A63C /* RegisterViewController.swift in Sources */ = {isa = PBXBuildFile; fileRef = 60971783287EDE4A0084A63C /* RegisterViewController.swift */; };
		6097178A287EDE4A0084A63C /* RegisterProtocols.swift in Sources */ = {isa = PBXBuildFile; fileRef = 60971784287EDE4A0084A63C /* RegisterProtocols.swift */; };
		6097178B287EDE4A0084A63C /* RegisterInteractor.swift in Sources */ = {isa = PBXBuildFile; fileRef = 60971785287EDE4A0084A63C /* RegisterInteractor.swift */; };
		6097178C287EDE4A0084A63C /* RegisterContainer.swift in Sources */ = {isa = PBXBuildFile; fileRef = 60971786287EDE4A0084A63C /* RegisterContainer.swift */; };
		60971793287EDE5D0084A63C /* FogotPasswordPresenter.swift in Sources */ = {isa = PBXBuildFile; fileRef = 6097178D287EDE5D0084A63C /* FogotPasswordPresenter.swift */; };
		60971794287EDE5D0084A63C /* FogotPasswordRouter.swift in Sources */ = {isa = PBXBuildFile; fileRef = 6097178E287EDE5D0084A63C /* FogotPasswordRouter.swift */; };
		60971795287EDE5D0084A63C /* FogotPasswordViewController.swift in Sources */ = {isa = PBXBuildFile; fileRef = 6097178F287EDE5D0084A63C /* FogotPasswordViewController.swift */; };
		60971796287EDE5D0084A63C /* FogotPasswordProtocols.swift in Sources */ = {isa = PBXBuildFile; fileRef = 60971790287EDE5D0084A63C /* FogotPasswordProtocols.swift */; };
		60971797287EDE5D0084A63C /* FogotPasswordInteractor.swift in Sources */ = {isa = PBXBuildFile; fileRef = 60971791287EDE5D0084A63C /* FogotPasswordInteractor.swift */; };
		60971798287EDE5D0084A63C /* FogotPasswordContainer.swift in Sources */ = {isa = PBXBuildFile; fileRef = 60971792287EDE5D0084A63C /* FogotPasswordContainer.swift */; };
		6097179A287EF5B80084A63C /* AuthRouterProtocol.swift in Sources */ = {isa = PBXBuildFile; fileRef = 60971799287EF5B70084A63C /* AuthRouterProtocol.swift */; };
		6097179C287F172C0084A63C /* NotificationCenterManager.swift in Sources */ = {isa = PBXBuildFile; fileRef = 6097179B287F172C0084A63C /* NotificationCenterManager.swift */; };
		60DA33B428802FF6004E52A3 /* UIStackView+convenieceInit.swift in Sources */ = {isa = PBXBuildFile; fileRef = 60DA33B328802FF6004E52A3 /* UIStackView+convenieceInit.swift */; };
/* End PBXBuildFile section */

/* Begin PBXFileReference section */
		609716D7287D75230084A63C /* PartyPoint.app */ = {isa = PBXFileReference; explicitFileType = wrapper.application; includeInIndex = 0; path = PartyPoint.app; sourceTree = BUILT_PRODUCTS_DIR; };
		609716DA287D75230084A63C /* AppDelegate.swift */ = {isa = PBXFileReference; lastKnownFileType = sourcecode.swift; path = AppDelegate.swift; sourceTree = "<group>"; };
		609716DC287D75230084A63C /* SceneDelegate.swift */ = {isa = PBXFileReference; lastKnownFileType = sourcecode.swift; path = SceneDelegate.swift; sourceTree = "<group>"; };
		609716DE287D75230084A63C /* InitialViewController.swift */ = {isa = PBXFileReference; lastKnownFileType = sourcecode.swift; path = InitialViewController.swift; sourceTree = "<group>"; };
		609716E1287D75230084A63C /* Base */ = {isa = PBXFileReference; lastKnownFileType = file.storyboard; name = Base; path = Base.lproj/Main.storyboard; sourceTree = "<group>"; };
		609716E3287D752B0084A63C /* Assets.xcassets */ = {isa = PBXFileReference; lastKnownFileType = folder.assetcatalog; path = Assets.xcassets; sourceTree = "<group>"; };
		609716E6287D752B0084A63C /* Base */ = {isa = PBXFileReference; lastKnownFileType = file.storyboard; name = Base; path = Base.lproj/LaunchScreen.storyboard; sourceTree = "<group>"; };
		609716E8287D752B0084A63C /* Info.plist */ = {isa = PBXFileReference; lastKnownFileType = text.plist.xml; path = Info.plist; sourceTree = "<group>"; };
		609716F2287D7C1D0084A63C /* AuthCoordinator.swift */ = {isa = PBXFileReference; lastKnownFileType = sourcecode.swift; path = AuthCoordinator.swift; sourceTree = "<group>"; };
		609716F4287D7C720084A63C /* MainFlowCoordinator.swift */ = {isa = PBXFileReference; lastKnownFileType = sourcecode.swift; path = MainFlowCoordinator.swift; sourceTree = "<group>"; };
		609716F7287D7D880084A63C /* AppCoordinator.swift */ = {isa = PBXFileReference; lastKnownFileType = sourcecode.swift; path = AppCoordinator.swift; sourceTree = "<group>"; };
		609716F9287D7EBF0084A63C /* UIImage+Assets.swift */ = {isa = PBXFileReference; lastKnownFileType = sourcecode.swift; path = "UIImage+Assets.swift"; sourceTree = "<group>"; };
		609716FB287D7FD20084A63C /* UIColor+Assets.swift */ = {isa = PBXFileReference; lastKnownFileType = sourcecode.swift; path = "UIColor+Assets.swift"; sourceTree = "<group>"; };
		60971700287D821A0084A63C /* EventsPresenter.swift */ = {isa = PBXFileReference; lastKnownFileType = sourcecode.swift; path = EventsPresenter.swift; sourceTree = "<group>"; };
		60971701287D821A0084A63C /* EventsRouter.swift */ = {isa = PBXFileReference; lastKnownFileType = sourcecode.swift; path = EventsRouter.swift; sourceTree = "<group>"; };
		60971702287D821A0084A63C /* EventsViewController.swift */ = {isa = PBXFileReference; lastKnownFileType = sourcecode.swift; path = EventsViewController.swift; sourceTree = "<group>"; };
		60971703287D821A0084A63C /* EventsProtocols.swift */ = {isa = PBXFileReference; lastKnownFileType = sourcecode.swift; path = EventsProtocols.swift; sourceTree = "<group>"; };
		60971704287D821A0084A63C /* EventsInteractor.swift */ = {isa = PBXFileReference; lastKnownFileType = sourcecode.swift; path = EventsInteractor.swift; sourceTree = "<group>"; };
		60971705287D821A0084A63C /* EventsContainer.swift */ = {isa = PBXFileReference; lastKnownFileType = sourcecode.swift; path = EventsContainer.swift; sourceTree = "<group>"; };
		60971718287D82490084A63C /* ProfilePresenter.swift */ = {isa = PBXFileReference; lastKnownFileType = sourcecode.swift; path = ProfilePresenter.swift; sourceTree = "<group>"; };
		60971719287D82490084A63C /* ProfileRouter.swift */ = {isa = PBXFileReference; lastKnownFileType = sourcecode.swift; path = ProfileRouter.swift; sourceTree = "<group>"; };
		6097171A287D82490084A63C /* ProfileViewController.swift */ = {isa = PBXFileReference; lastKnownFileType = sourcecode.swift; path = ProfileViewController.swift; sourceTree = "<group>"; };
		6097171B287D82490084A63C /* ProfileProtocols.swift */ = {isa = PBXFileReference; lastKnownFileType = sourcecode.swift; path = ProfileProtocols.swift; sourceTree = "<group>"; };
		6097171C287D82490084A63C /* ProfileInteractor.swift */ = {isa = PBXFileReference; lastKnownFileType = sourcecode.swift; path = ProfileInteractor.swift; sourceTree = "<group>"; };
		6097171D287D82490084A63C /* ProfileContainer.swift */ = {isa = PBXFileReference; lastKnownFileType = sourcecode.swift; path = ProfileContainer.swift; sourceTree = "<group>"; };
		60971724287D83360084A63C /* FavouritesPresenter.swift */ = {isa = PBXFileReference; lastKnownFileType = sourcecode.swift; path = FavouritesPresenter.swift; sourceTree = "<group>"; };
		60971725287D83360084A63C /* FavouritesRouter.swift */ = {isa = PBXFileReference; lastKnownFileType = sourcecode.swift; path = FavouritesRouter.swift; sourceTree = "<group>"; };
		60971726287D83360084A63C /* FavouritesViewController.swift */ = {isa = PBXFileReference; lastKnownFileType = sourcecode.swift; path = FavouritesViewController.swift; sourceTree = "<group>"; };
		60971727287D83360084A63C /* FavouritesProtocols.swift */ = {isa = PBXFileReference; lastKnownFileType = sourcecode.swift; path = FavouritesProtocols.swift; sourceTree = "<group>"; };
		60971728287D83360084A63C /* FavouritesInteractor.swift */ = {isa = PBXFileReference; lastKnownFileType = sourcecode.swift; path = FavouritesInteractor.swift; sourceTree = "<group>"; };
		60971729287D83360084A63C /* FavouritesContainer.swift */ = {isa = PBXFileReference; lastKnownFileType = sourcecode.swift; path = FavouritesContainer.swift; sourceTree = "<group>"; };
		60971730287D840A0084A63C /* InitialRouter.swift */ = {isa = PBXFileReference; lastKnownFileType = sourcecode.swift; path = InitialRouter.swift; sourceTree = "<group>"; };
		60971732287D84CA0084A63C /* InitialAssembly.swift */ = {isa = PBXFileReference; lastKnownFileType = sourcecode.swift; path = InitialAssembly.swift; sourceTree = "<group>"; };
		60971734287D875B0084A63C /* ResuseIdentifire.swift */ = {isa = PBXFileReference; lastKnownFileType = sourcecode.swift; path = ResuseIdentifire.swift; sourceTree = "<group>"; };
		60971736287D87C90084A63C /* UIView+Constraints.swift */ = {isa = PBXFileReference; lastKnownFileType = sourcecode.swift; path = "UIView+Constraints.swift"; sourceTree = "<group>"; };
		60971738287D8B7B0084A63C /* UIFont + size.swift */ = {isa = PBXFileReference; lastKnownFileType = sourcecode.swift; path = "UIFont + size.swift"; sourceTree = "<group>"; };
		6097173D287D8F0E0084A63C /* SFProDisplay-Bold.ttf */ = {isa = PBXFileReference; lastKnownFileType = file; path = "SFProDisplay-Bold.ttf"; sourceTree = "<group>"; };
		6097173E287D8F0E0084A63C /* SFProDisplay-Medium.ttf */ = {isa = PBXFileReference; lastKnownFileType = file; path = "SFProDisplay-Medium.ttf"; sourceTree = "<group>"; };
		6097173F287D8F0E0084A63C /* SFProDisplay-Semibold.ttf */ = {isa = PBXFileReference; lastKnownFileType = file; path = "SFProDisplay-Semibold.ttf"; sourceTree = "<group>"; };
		60971741287D8F0F0084A63C /* SFProDisplay-Black.ttf */ = {isa = PBXFileReference; lastKnownFileType = file; path = "SFProDisplay-Black.ttf"; sourceTree = "<group>"; };
		60971743287D8F0F0084A63C /* SFProDisplay-Light.ttf */ = {isa = PBXFileReference; lastKnownFileType = file; path = "SFProDisplay-Light.ttf"; sourceTree = "<group>"; };
		60971746287D8F100084A63C /* SFProDisplay-Regular.ttf */ = {isa = PBXFileReference; lastKnownFileType = file; path = "SFProDisplay-Regular.ttf"; sourceTree = "<group>"; };
		6097174A287D8F110084A63C /* SFProDisplay-Heavy.ttf */ = {isa = PBXFileReference; lastKnownFileType = file; path = "SFProDisplay-Heavy.ttf"; sourceTree = "<group>"; };
		60971760287D94710084A63C /* AppButton.swift */ = {isa = PBXFileReference; lastKnownFileType = sourcecode.swift; path = AppButton.swift; sourceTree = "<group>"; };
		60971762287D9BD80084A63C /* NavigationBarWithLogo.swift */ = {isa = PBXFileReference; lastKnownFileType = sourcecode.swift; path = NavigationBarWithLogo.swift; sourceTree = "<group>"; };
		60971764287D9C630084A63C /* NavigationBarWithLogoAndActions.swift */ = {isa = PBXFileReference; lastKnownFileType = sourcecode.swift; path = NavigationBarWithLogoAndActions.swift; sourceTree = "<group>"; };
		60971767287DA60D0084A63C /* EnterPresenter.swift */ = {isa = PBXFileReference; lastKnownFileType = sourcecode.swift; path = EnterPresenter.swift; sourceTree = "<group>"; };
		60971768287DA60D0084A63C /* EnterRouter.swift */ = {isa = PBXFileReference; lastKnownFileType = sourcecode.swift; path = EnterRouter.swift; sourceTree = "<group>"; };
		60971769287DA60D0084A63C /* EnterViewController.swift */ = {isa = PBXFileReference; lastKnownFileType = sourcecode.swift; path = EnterViewController.swift; sourceTree = "<group>"; };
		6097176A287DA60D0084A63C /* EnterProtocols.swift */ = {isa = PBXFileReference; lastKnownFileType = sourcecode.swift; path = EnterProtocols.swift; sourceTree = "<group>"; };
		6097176B287DA60D0084A63C /* EnterInteractor.swift */ = {isa = PBXFileReference; lastKnownFileType = sourcecode.swift; path = EnterInteractor.swift; sourceTree = "<group>"; };
		6097176C287DA60D0084A63C /* EnterContainer.swift */ = {isa = PBXFileReference; lastKnownFileType = sourcecode.swift; path = EnterContainer.swift; sourceTree = "<group>"; };
		60971773287DB7790084A63C /* LabelTexts.swift */ = {isa = PBXFileReference; lastKnownFileType = sourcecode.swift; path = LabelTexts.swift; sourceTree = "<group>"; };
		60971775287DB9F60084A63C /* AppTextField.swift */ = {isa = PBXFileReference; lastKnownFileType = sourcecode.swift; path = AppTextField.swift; sourceTree = "<group>"; };
		60971777287DBBD50084A63C /* DynamicStackWithTF.swift */ = {isa = PBXFileReference; lastKnownFileType = sourcecode.swift; path = DynamicStackWithTF.swift; sourceTree = "<group>"; };
		6097177B287EC2C90084A63C /* HowToEnterStackView.swift */ = {isa = PBXFileReference; lastKnownFileType = sourcecode.swift; path = HowToEnterStackView.swift; sourceTree = "<group>"; };
		6097177D287ED0DD0084A63C /* UIView+Recognizers.swift */ = {isa = PBXFileReference; lastKnownFileType = sourcecode.swift; path = "UIView+Recognizers.swift"; sourceTree = "<group>"; };
		60971781287EDE4A0084A63C /* RegisterPresenter.swift */ = {isa = PBXFileReference; lastKnownFileType = sourcecode.swift; path = RegisterPresenter.swift; sourceTree = "<group>"; };
		60971782287EDE4A0084A63C /* RegisterRouter.swift */ = {isa = PBXFileReference; lastKnownFileType = sourcecode.swift; path = RegisterRouter.swift; sourceTree = "<group>"; };
		60971783287EDE4A0084A63C /* RegisterViewController.swift */ = {isa = PBXFileReference; lastKnownFileType = sourcecode.swift; path = RegisterViewController.swift; sourceTree = "<group>"; };
		60971784287EDE4A0084A63C /* RegisterProtocols.swift */ = {isa = PBXFileReference; lastKnownFileType = sourcecode.swift; path = RegisterProtocols.swift; sourceTree = "<group>"; };
		60971785287EDE4A0084A63C /* RegisterInteractor.swift */ = {isa = PBXFileReference; lastKnownFileType = sourcecode.swift; path = RegisterInteractor.swift; sourceTree = "<group>"; };
		60971786287EDE4A0084A63C /* RegisterContainer.swift */ = {isa = PBXFileReference; lastKnownFileType = sourcecode.swift; path = RegisterContainer.swift; sourceTree = "<group>"; };
		6097178D287EDE5D0084A63C /* FogotPasswordPresenter.swift */ = {isa = PBXFileReference; lastKnownFileType = sourcecode.swift; path = FogotPasswordPresenter.swift; sourceTree = "<group>"; };
		6097178E287EDE5D0084A63C /* FogotPasswordRouter.swift */ = {isa = PBXFileReference; lastKnownFileType = sourcecode.swift; path = FogotPasswordRouter.swift; sourceTree = "<group>"; };
		6097178F287EDE5D0084A63C /* FogotPasswordViewController.swift */ = {isa = PBXFileReference; lastKnownFileType = sourcecode.swift; path = FogotPasswordViewController.swift; sourceTree = "<group>"; };
		60971790287EDE5D0084A63C /* FogotPasswordProtocols.swift */ = {isa = PBXFileReference; lastKnownFileType = sourcecode.swift; path = FogotPasswordProtocols.swift; sourceTree = "<group>"; };
		60971791287EDE5D0084A63C /* FogotPasswordInteractor.swift */ = {isa = PBXFileReference; lastKnownFileType = sourcecode.swift; path = FogotPasswordInteractor.swift; sourceTree = "<group>"; };
		60971792287EDE5D0084A63C /* FogotPasswordContainer.swift */ = {isa = PBXFileReference; lastKnownFileType = sourcecode.swift; path = FogotPasswordContainer.swift; sourceTree = "<group>"; };
		60971799287EF5B70084A63C /* AuthRouterProtocol.swift */ = {isa = PBXFileReference; lastKnownFileType = sourcecode.swift; path = AuthRouterProtocol.swift; sourceTree = "<group>"; };
		6097179B287F172C0084A63C /* NotificationCenterManager.swift */ = {isa = PBXFileReference; lastKnownFileType = sourcecode.swift; path = NotificationCenterManager.swift; sourceTree = "<group>"; };
		60DA33B328802FF6004E52A3 /* UIStackView+convenieceInit.swift */ = {isa = PBXFileReference; lastKnownFileType = sourcecode.swift; path = "UIStackView+convenieceInit.swift"; sourceTree = "<group>"; };
/* End PBXFileReference section */

/* Begin PBXFrameworksBuildPhase section */
		609716D4287D75230084A63C /* Frameworks */ = {
			isa = PBXFrameworksBuildPhase;
			buildActionMask = 2147483647;
			files = (
			);
			runOnlyForDeploymentPostprocessing = 0;
		};
/* End PBXFrameworksBuildPhase section */

/* Begin PBXGroup section */
		609716CE287D75230084A63C = {
			isa = PBXGroup;
			children = (
				609716D9287D75230084A63C /* PartyPoint */,
				609716D8287D75230084A63C /* Products */,
			);
			sourceTree = "<group>";
		};
		609716D8287D75230084A63C /* Products */ = {
			isa = PBXGroup;
			children = (
				609716D7287D75230084A63C /* PartyPoint.app */,
			);
			name = Products;
			sourceTree = "<group>";
		};
		609716D9287D75230084A63C /* PartyPoint */ = {
			isa = PBXGroup;
			children = (
				609716E8287D752B0084A63C /* Info.plist */,
				60971766287DA5FE0084A63C /* EnterScreen */,
				60971780287EDE280084A63C /* RegisterScreen */,
				6097177F287EDE1E0084A63C /* FogotPasswordScreen */,
				609716FF287D820C0084A63C /* ProfileScreen */,
				609716FE287D82030084A63C /* FavouritesScreen */,
				609716FD287D81F80084A63C /* EventsScreen */,
				609716F0287D75B80084A63C /* InitialScreen */,
				609716EE287D75940084A63C /* Application */,
				6097175F287D94150084A63C /* Views */,
				609716F1287D78F80084A63C /* Extensions */,
			);
			path = PartyPoint;
			sourceTree = "<group>";
		};
		609716EE287D75940084A63C /* Application */ = {
			isa = PBXGroup;
			children = (
				60971773287DB7790084A63C /* LabelTexts.swift */,
				6097173A287D8EE20084A63C /* Fonts */,
				609716F6287D7D730084A63C /* Coordinators */,
				609716EF287D75A70084A63C /* Delegates */,
				609716E5287D752B0084A63C /* LaunchScreen.storyboard */,
				609716E0287D75230084A63C /* Main.storyboard */,
				609716E3287D752B0084A63C /* Assets.xcassets */,
				60971799287EF5B70084A63C /* AuthRouterProtocol.swift */,
				6097179B287F172C0084A63C /* NotificationCenterManager.swift */,
			);
			path = Application;
			sourceTree = "<group>";
		};
		609716EF287D75A70084A63C /* Delegates */ = {
			isa = PBXGroup;
			children = (
				609716DA287D75230084A63C /* AppDelegate.swift */,
				609716DC287D75230084A63C /* SceneDelegate.swift */,
			);
			path = Delegates;
			sourceTree = "<group>";
		};
		609716F0287D75B80084A63C /* InitialScreen */ = {
			isa = PBXGroup;
			children = (
				609716DE287D75230084A63C /* InitialViewController.swift */,
				60971730287D840A0084A63C /* InitialRouter.swift */,
				60971732287D84CA0084A63C /* InitialAssembly.swift */,
			);
			path = InitialScreen;
			sourceTree = "<group>";
		};
		609716F1287D78F80084A63C /* Extensions */ = {
			isa = PBXGroup;
			children = (
				609716F9287D7EBF0084A63C /* UIImage+Assets.swift */,
				609716FB287D7FD20084A63C /* UIColor+Assets.swift */,
				60971734287D875B0084A63C /* ResuseIdentifire.swift */,
				60971736287D87C90084A63C /* UIView+Constraints.swift */,
				60971738287D8B7B0084A63C /* UIFont + size.swift */,
				6097177D287ED0DD0084A63C /* UIView+Recognizers.swift */,
				60DA33B328802FF6004E52A3 /* UIStackView+convenieceInit.swift */,
			);
			path = Extensions;
			sourceTree = "<group>";
		};
		609716F6287D7D730084A63C /* Coordinators */ = {
			isa = PBXGroup;
			children = (
				609716F2287D7C1D0084A63C /* AuthCoordinator.swift */,
				609716F4287D7C720084A63C /* MainFlowCoordinator.swift */,
				609716F7287D7D880084A63C /* AppCoordinator.swift */,
			);
			path = Coordinators;
			sourceTree = "<group>";
		};
		609716FD287D81F80084A63C /* EventsScreen */ = {
			isa = PBXGroup;
			children = (
				60971700287D821A0084A63C /* EventsPresenter.swift */,
				60971701287D821A0084A63C /* EventsRouter.swift */,
				60971702287D821A0084A63C /* EventsViewController.swift */,
				60971703287D821A0084A63C /* EventsProtocols.swift */,
				60971704287D821A0084A63C /* EventsInteractor.swift */,
				60971705287D821A0084A63C /* EventsContainer.swift */,
			);
			path = EventsScreen;
			sourceTree = "<group>";
		};
		609716FE287D82030084A63C /* FavouritesScreen */ = {
			isa = PBXGroup;
			children = (
				60971724287D83360084A63C /* FavouritesPresenter.swift */,
				60971725287D83360084A63C /* FavouritesRouter.swift */,
				60971726287D83360084A63C /* FavouritesViewController.swift */,
				60971727287D83360084A63C /* FavouritesProtocols.swift */,
				60971728287D83360084A63C /* FavouritesInteractor.swift */,
				60971729287D83360084A63C /* FavouritesContainer.swift */,
			);
			path = FavouritesScreen;
			sourceTree = "<group>";
		};
		609716FF287D820C0084A63C /* ProfileScreen */ = {
			isa = PBXGroup;
			children = (
				60971718287D82490084A63C /* ProfilePresenter.swift */,
				60971719287D82490084A63C /* ProfileRouter.swift */,
				6097171A287D82490084A63C /* ProfileViewController.swift */,
				6097171B287D82490084A63C /* ProfileProtocols.swift */,
				6097171C287D82490084A63C /* ProfileInteractor.swift */,
				6097171D287D82490084A63C /* ProfileContainer.swift */,
			);
			path = ProfileScreen;
			sourceTree = "<group>";
		};
		6097173A287D8EE20084A63C /* Fonts */ = {
			isa = PBXGroup;
			children = (
				60971741287D8F0F0084A63C /* SFProDisplay-Black.ttf */,
				6097173D287D8F0E0084A63C /* SFProDisplay-Bold.ttf */,
				6097174A287D8F110084A63C /* SFProDisplay-Heavy.ttf */,
				60971743287D8F0F0084A63C /* SFProDisplay-Light.ttf */,
				6097173E287D8F0E0084A63C /* SFProDisplay-Medium.ttf */,
				60971746287D8F100084A63C /* SFProDisplay-Regular.ttf */,
				6097173F287D8F0E0084A63C /* SFProDisplay-Semibold.ttf */,
			);
			path = Fonts;
			sourceTree = "<group>";
		};
		6097175F287D94150084A63C /* Views */ = {
			isa = PBXGroup;
			children = (
				60971760287D94710084A63C /* AppButton.swift */,
				60971762287D9BD80084A63C /* NavigationBarWithLogo.swift */,
				60971764287D9C630084A63C /* NavigationBarWithLogoAndActions.swift */,
				60971775287DB9F60084A63C /* AppTextField.swift */,
				60971777287DBBD50084A63C /* DynamicStackWithTF.swift */,
				6097177B287EC2C90084A63C /* HowToEnterStackView.swift */,
			);
			path = Views;
			sourceTree = "<group>";
		};
		60971766287DA5FE0084A63C /* EnterScreen */ = {
			isa = PBXGroup;
			children = (
				60971767287DA60D0084A63C /* EnterPresenter.swift */,
				60971768287DA60D0084A63C /* EnterRouter.swift */,
				60971769287DA60D0084A63C /* EnterViewController.swift */,
				6097176A287DA60D0084A63C /* EnterProtocols.swift */,
				6097176B287DA60D0084A63C /* EnterInteractor.swift */,
				6097176C287DA60D0084A63C /* EnterContainer.swift */,
			);
			path = EnterScreen;
			sourceTree = "<group>";
		};
		6097177F287EDE1E0084A63C /* FogotPasswordScreen */ = {
			isa = PBXGroup;
			children = (
				6097178D287EDE5D0084A63C /* FogotPasswordPresenter.swift */,
				6097178E287EDE5D0084A63C /* FogotPasswordRouter.swift */,
				6097178F287EDE5D0084A63C /* FogotPasswordViewController.swift */,
				60971790287EDE5D0084A63C /* FogotPasswordProtocols.swift */,
				60971791287EDE5D0084A63C /* FogotPasswordInteractor.swift */,
				60971792287EDE5D0084A63C /* FogotPasswordContainer.swift */,
			);
			path = FogotPasswordScreen;
			sourceTree = "<group>";
		};
		60971780287EDE280084A63C /* RegisterScreen */ = {
			isa = PBXGroup;
			children = (
				60971781287EDE4A0084A63C /* RegisterPresenter.swift */,
				60971782287EDE4A0084A63C /* RegisterRouter.swift */,
				60971783287EDE4A0084A63C /* RegisterViewController.swift */,
				60971784287EDE4A0084A63C /* RegisterProtocols.swift */,
				60971785287EDE4A0084A63C /* RegisterInteractor.swift */,
				60971786287EDE4A0084A63C /* RegisterContainer.swift */,
			);
			path = RegisterScreen;
			sourceTree = "<group>";
		};
/* End PBXGroup section */

/* Begin PBXNativeTarget section */
		609716D6287D75230084A63C /* PartyPoint */ = {
			isa = PBXNativeTarget;
			buildConfigurationList = 609716EB287D752B0084A63C /* Build configuration list for PBXNativeTarget "PartyPoint" */;
			buildPhases = (
				609716D3287D75230084A63C /* Sources */,
				609716D4287D75230084A63C /* Frameworks */,
				609716D5287D75230084A63C /* Resources */,
			);
			buildRules = (
			);
			dependencies = (
			);
			name = PartyPoint;
			productName = PartyPoint;
			productReference = 609716D7287D75230084A63C /* PartyPoint.app */;
			productType = "com.apple.product-type.application";
		};
/* End PBXNativeTarget section */

/* Begin PBXProject section */
		609716CF287D75230084A63C /* Project object */ = {
			isa = PBXProject;
			attributes = {
				BuildIndependentTargetsInParallel = 1;
				LastSwiftUpdateCheck = 1340;
				LastUpgradeCheck = 1340;
				TargetAttributes = {
					609716D6287D75230084A63C = {
						CreatedOnToolsVersion = 13.4.1;
					};
				};
			};
			buildConfigurationList = 609716D2287D75230084A63C /* Build configuration list for PBXProject "PartyPoint" */;
			compatibilityVersion = "Xcode 13.0";
			developmentRegion = en;
			hasScannedForEncodings = 0;
			knownRegions = (
				en,
				Base,
			);
			mainGroup = 609716CE287D75230084A63C;
			productRefGroup = 609716D8287D75230084A63C /* Products */;
			projectDirPath = "";
			projectRoot = "";
			targets = (
				609716D6287D75230084A63C /* PartyPoint */,
			);
		};
/* End PBXProject section */

/* Begin PBXResourcesBuildPhase section */
		609716D5287D75230084A63C /* Resources */ = {
			isa = PBXResourcesBuildPhase;
			buildActionMask = 2147483647;
			files = (
				609716E7287D752B0084A63C /* LaunchScreen.storyboard in Resources */,
				609716E4287D752B0084A63C /* Assets.xcassets in Resources */,
				609716E2287D75230084A63C /* Main.storyboard in Resources */,
				6097174F287D8F200084A63C /* SFProDisplay-Bold.ttf in Resources */,
				60971751287D8F200084A63C /* SFProDisplay-Black.ttf in Resources */,
				60971754287D8F200084A63C /* SFProDisplay-Medium.ttf in Resources */,
				6097174E287D8F200084A63C /* SFProDisplay-Semibold.ttf in Resources */,
				6097175C287D8F200084A63C /* SFProDisplay-Heavy.ttf in Resources */,
				6097175B287D8F200084A63C /* SFProDisplay-Light.ttf in Resources */,
				6097174D287D8F200084A63C /* SFProDisplay-Regular.ttf in Resources */,
			);
			runOnlyForDeploymentPostprocessing = 0;
		};
/* End PBXResourcesBuildPhase section */

/* Begin PBXSourcesBuildPhase section */
		609716D3287D75230084A63C /* Sources */ = {
			isa = PBXSourcesBuildPhase;
			buildActionMask = 2147483647;
			files = (
				6097177C287EC2C90084A63C /* HowToEnterStackView.swift in Sources */,
				60971798287EDE5D0084A63C /* FogotPasswordContainer.swift in Sources */,
				6097170B287D821A0084A63C /* EventsContainer.swift in Sources */,
				60971723287D824A0084A63C /* ProfileContainer.swift in Sources */,
				60971708287D821A0084A63C /* EventsViewController.swift in Sources */,
				6097176E287DA60D0084A63C /* EnterRouter.swift in Sources */,
				6097178C287EDE4A0084A63C /* RegisterContainer.swift in Sources */,
				60971731287D840A0084A63C /* InitialRouter.swift in Sources */,
				609716F8287D7D880084A63C /* AppCoordinator.swift in Sources */,
				609716F3287D7C1D0084A63C /* AuthCoordinator.swift in Sources */,
				6097179C287F172C0084A63C /* NotificationCenterManager.swift in Sources */,
				6097172A287D83360084A63C /* FavouritesPresenter.swift in Sources */,
				60971761287D94710084A63C /* AppButton.swift in Sources */,
				6097179A287EF5B80084A63C /* AuthRouterProtocol.swift in Sources */,
				60971796287EDE5D0084A63C /* FogotPasswordProtocols.swift in Sources */,
				6097170A287D821A0084A63C /* EventsInteractor.swift in Sources */,
				60971721287D824A0084A63C /* ProfileProtocols.swift in Sources */,
				60971776287DB9F60084A63C /* AppTextField.swift in Sources */,
				60971706287D821A0084A63C /* EventsPresenter.swift in Sources */,
				609716FC287D7FD20084A63C /* UIColor+Assets.swift in Sources */,
				60971774287DB7790084A63C /* LabelTexts.swift in Sources */,
				6097171F287D824A0084A63C /* ProfileRouter.swift in Sources */,
				60971787287EDE4A0084A63C /* RegisterPresenter.swift in Sources */,
				60971771287DA60D0084A63C /* EnterInteractor.swift in Sources */,
				60971770287DA60D0084A63C /* EnterProtocols.swift in Sources */,
				609716DF287D75230084A63C /* InitialViewController.swift in Sources */,
				6097178B287EDE4A0084A63C /* RegisterInteractor.swift in Sources */,
				6097172B287D83360084A63C /* FavouritesRouter.swift in Sources */,
				6097172C287D83360084A63C /* FavouritesViewController.swift in Sources */,
				60971793287EDE5D0084A63C /* FogotPasswordPresenter.swift in Sources */,
				60971765287D9C630084A63C /* NavigationBarWithLogoAndActions.swift in Sources */,
				6097176F287DA60D0084A63C /* EnterViewController.swift in Sources */,
				60971797287EDE5D0084A63C /* FogotPasswordInteractor.swift in Sources */,
				60971763287D9BD80084A63C /* NavigationBarWithLogo.swift in Sources */,
				60971709287D821A0084A63C /* EventsProtocols.swift in Sources */,
				60971794287EDE5D0084A63C /* FogotPasswordRouter.swift in Sources */,
				60971789287EDE4A0084A63C /* RegisterViewController.swift in Sources */,
				60971778287DBBD50084A63C /* DynamicStackWithTF.swift in Sources */,
				60971735287D875B0084A63C /* ResuseIdentifire.swift in Sources */,
				60971772287DA60D0084A63C /* EnterContainer.swift in Sources */,
				6097172F287D83360084A63C /* FavouritesContainer.swift in Sources */,
				60971720287D824A0084A63C /* ProfileViewController.swift in Sources */,
				60971795287EDE5D0084A63C /* FogotPasswordViewController.swift in Sources */,
				6097178A287EDE4A0084A63C /* RegisterProtocols.swift in Sources */,
				6097172E287D83360084A63C /* FavouritesInteractor.swift in Sources */,
				60971707287D821A0084A63C /* EventsRouter.swift in Sources */,
				6097172D287D83360084A63C /* FavouritesProtocols.swift in Sources */,
				60971788287EDE4A0084A63C /* RegisterRouter.swift in Sources */,
				60971739287D8B7B0084A63C /* UIFont + size.swift in Sources */,
				609716DB287D75230084A63C /* AppDelegate.swift in Sources */,
				6097177E287ED0DD0084A63C /* UIView+Recognizers.swift in Sources */,
				6097171E287D824A0084A63C /* ProfilePresenter.swift in Sources */,
				609716F5287D7C720084A63C /* MainFlowCoordinator.swift in Sources */,
				6097176D287DA60D0084A63C /* EnterPresenter.swift in Sources */,
				60971722287D824A0084A63C /* ProfileInteractor.swift in Sources */,
				609716FA287D7EBF0084A63C /* UIImage+Assets.swift in Sources */,
				60DA33B428802FF6004E52A3 /* UIStackView+convenieceInit.swift in Sources */,
				60971737287D87C90084A63C /* UIView+Constraints.swift in Sources */,
				60971733287D84CA0084A63C /* InitialAssembly.swift in Sources */,
				609716DD287D75230084A63C /* SceneDelegate.swift in Sources */,
			);
			runOnlyForDeploymentPostprocessing = 0;
		};
/* End PBXSourcesBuildPhase section */

/* Begin PBXVariantGroup section */
		609716E0287D75230084A63C /* Main.storyboard */ = {
			isa = PBXVariantGroup;
			children = (
				609716E1287D75230084A63C /* Base */,
			);
			name = Main.storyboard;
			sourceTree = "<group>";
		};
		609716E5287D752B0084A63C /* LaunchScreen.storyboard */ = {
			isa = PBXVariantGroup;
			children = (
				609716E6287D752B0084A63C /* Base */,
			);
			name = LaunchScreen.storyboard;
			sourceTree = "<group>";
		};
/* End PBXVariantGroup section */

/* Begin XCBuildConfiguration section */
		609716E9287D752B0084A63C /* Debug */ = {
			isa = XCBuildConfiguration;
			buildSettings = {
				ALWAYS_SEARCH_USER_PATHS = NO;
				CLANG_ANALYZER_NONNULL = YES;
				CLANG_ANALYZER_NUMBER_OBJECT_CONVERSION = YES_AGGRESSIVE;
				CLANG_CXX_LANGUAGE_STANDARD = "gnu++17";
				CLANG_ENABLE_MODULES = YES;
				CLANG_ENABLE_OBJC_ARC = YES;
				CLANG_ENABLE_OBJC_WEAK = YES;
				CLANG_WARN_BLOCK_CAPTURE_AUTORELEASING = YES;
				CLANG_WARN_BOOL_CONVERSION = YES;
				CLANG_WARN_COMMA = YES;
				CLANG_WARN_CONSTANT_CONVERSION = YES;
				CLANG_WARN_DEPRECATED_OBJC_IMPLEMENTATIONS = YES;
				CLANG_WARN_DIRECT_OBJC_ISA_USAGE = YES_ERROR;
				CLANG_WARN_DOCUMENTATION_COMMENTS = YES;
				CLANG_WARN_EMPTY_BODY = YES;
				CLANG_WARN_ENUM_CONVERSION = YES;
				CLANG_WARN_INFINITE_RECURSION = YES;
				CLANG_WARN_INT_CONVERSION = YES;
				CLANG_WARN_NON_LITERAL_NULL_CONVERSION = YES;
				CLANG_WARN_OBJC_IMPLICIT_RETAIN_SELF = YES;
				CLANG_WARN_OBJC_LITERAL_CONVERSION = YES;
				CLANG_WARN_OBJC_ROOT_CLASS = YES_ERROR;
				CLANG_WARN_QUOTED_INCLUDE_IN_FRAMEWORK_HEADER = YES;
				CLANG_WARN_RANGE_LOOP_ANALYSIS = YES;
				CLANG_WARN_STRICT_PROTOTYPES = YES;
				CLANG_WARN_SUSPICIOUS_MOVE = YES;
				CLANG_WARN_UNGUARDED_AVAILABILITY = YES_AGGRESSIVE;
				CLANG_WARN_UNREACHABLE_CODE = YES;
				CLANG_WARN__DUPLICATE_METHOD_MATCH = YES;
				COPY_PHASE_STRIP = NO;
				DEBUG_INFORMATION_FORMAT = dwarf;
				ENABLE_STRICT_OBJC_MSGSEND = YES;
				ENABLE_TESTABILITY = YES;
				GCC_C_LANGUAGE_STANDARD = gnu11;
				GCC_DYNAMIC_NO_PIC = NO;
				GCC_NO_COMMON_BLOCKS = YES;
				GCC_OPTIMIZATION_LEVEL = 0;
				GCC_PREPROCESSOR_DEFINITIONS = (
					"DEBUG=1",
					"$(inherited)",
				);
				GCC_WARN_64_TO_32_BIT_CONVERSION = YES;
				GCC_WARN_ABOUT_RETURN_TYPE = YES_ERROR;
				GCC_WARN_UNDECLARED_SELECTOR = YES;
				GCC_WARN_UNINITIALIZED_AUTOS = YES_AGGRESSIVE;
				GCC_WARN_UNUSED_FUNCTION = YES;
				GCC_WARN_UNUSED_VARIABLE = YES;
				IPHONEOS_DEPLOYMENT_TARGET = 15.5;
				MTL_ENABLE_DEBUG_INFO = INCLUDE_SOURCE;
				MTL_FAST_MATH = YES;
				ONLY_ACTIVE_ARCH = YES;
				SDKROOT = iphoneos;
				SWIFT_ACTIVE_COMPILATION_CONDITIONS = DEBUG;
				SWIFT_OPTIMIZATION_LEVEL = "-Onone";
			};
			name = Debug;
		};
		609716EA287D752B0084A63C /* Release */ = {
			isa = XCBuildConfiguration;
			buildSettings = {
				ALWAYS_SEARCH_USER_PATHS = NO;
				CLANG_ANALYZER_NONNULL = YES;
				CLANG_ANALYZER_NUMBER_OBJECT_CONVERSION = YES_AGGRESSIVE;
				CLANG_CXX_LANGUAGE_STANDARD = "gnu++17";
				CLANG_ENABLE_MODULES = YES;
				CLANG_ENABLE_OBJC_ARC = YES;
				CLANG_ENABLE_OBJC_WEAK = YES;
				CLANG_WARN_BLOCK_CAPTURE_AUTORELEASING = YES;
				CLANG_WARN_BOOL_CONVERSION = YES;
				CLANG_WARN_COMMA = YES;
				CLANG_WARN_CONSTANT_CONVERSION = YES;
				CLANG_WARN_DEPRECATED_OBJC_IMPLEMENTATIONS = YES;
				CLANG_WARN_DIRECT_OBJC_ISA_USAGE = YES_ERROR;
				CLANG_WARN_DOCUMENTATION_COMMENTS = YES;
				CLANG_WARN_EMPTY_BODY = YES;
				CLANG_WARN_ENUM_CONVERSION = YES;
				CLANG_WARN_INFINITE_RECURSION = YES;
				CLANG_WARN_INT_CONVERSION = YES;
				CLANG_WARN_NON_LITERAL_NULL_CONVERSION = YES;
				CLANG_WARN_OBJC_IMPLICIT_RETAIN_SELF = YES;
				CLANG_WARN_OBJC_LITERAL_CONVERSION = YES;
				CLANG_WARN_OBJC_ROOT_CLASS = YES_ERROR;
				CLANG_WARN_QUOTED_INCLUDE_IN_FRAMEWORK_HEADER = YES;
				CLANG_WARN_RANGE_LOOP_ANALYSIS = YES;
				CLANG_WARN_STRICT_PROTOTYPES = YES;
				CLANG_WARN_SUSPICIOUS_MOVE = YES;
				CLANG_WARN_UNGUARDED_AVAILABILITY = YES_AGGRESSIVE;
				CLANG_WARN_UNREACHABLE_CODE = YES;
				CLANG_WARN__DUPLICATE_METHOD_MATCH = YES;
				COPY_PHASE_STRIP = NO;
				DEBUG_INFORMATION_FORMAT = "dwarf-with-dsym";
				ENABLE_NS_ASSERTIONS = NO;
				ENABLE_STRICT_OBJC_MSGSEND = YES;
				GCC_C_LANGUAGE_STANDARD = gnu11;
				GCC_NO_COMMON_BLOCKS = YES;
				GCC_WARN_64_TO_32_BIT_CONVERSION = YES;
				GCC_WARN_ABOUT_RETURN_TYPE = YES_ERROR;
				GCC_WARN_UNDECLARED_SELECTOR = YES;
				GCC_WARN_UNINITIALIZED_AUTOS = YES_AGGRESSIVE;
				GCC_WARN_UNUSED_FUNCTION = YES;
				GCC_WARN_UNUSED_VARIABLE = YES;
				IPHONEOS_DEPLOYMENT_TARGET = 15.5;
				MTL_ENABLE_DEBUG_INFO = NO;
				MTL_FAST_MATH = YES;
				SDKROOT = iphoneos;
				SWIFT_COMPILATION_MODE = wholemodule;
				SWIFT_OPTIMIZATION_LEVEL = "-O";
				VALIDATE_PRODUCT = YES;
			};
			name = Release;
		};
		609716EC287D752B0084A63C /* Debug */ = {
			isa = XCBuildConfiguration;
			buildSettings = {
				ASSETCATALOG_COMPILER_APPICON_NAME = AppIcon;
				ASSETCATALOG_COMPILER_GLOBAL_ACCENT_COLOR_NAME = AccentColor;
				CODE_SIGN_STYLE = Automatic;
				CURRENT_PROJECT_VERSION = 1;
				DEVELOPMENT_TEAM = PLUM5QCSG5;
				GENERATE_INFOPLIST_FILE = YES;
				INFOPLIST_FILE = PartyPoint/Info.plist;
				INFOPLIST_KEY_CFBundleDisplayName = "Party Point";
				INFOPLIST_KEY_UIApplicationSupportsIndirectInputEvents = YES;
				INFOPLIST_KEY_UILaunchStoryboardName = LaunchScreen;
				INFOPLIST_KEY_UIMainStoryboardFile = Main;
				INFOPLIST_KEY_UISupportedInterfaceOrientations = UIInterfaceOrientationPortrait;
				INFOPLIST_KEY_UISupportedInterfaceOrientations_iPad = "UIInterfaceOrientationPortrait UIInterfaceOrientationPortraitUpsideDown UIInterfaceOrientationLandscapeLeft UIInterfaceOrientationLandscapeRight";
				INFOPLIST_KEY_UISupportedInterfaceOrientations_iPhone = "UIInterfaceOrientationPortrait UIInterfaceOrientationLandscapeLeft UIInterfaceOrientationLandscapeRight";
				IPHONEOS_DEPLOYMENT_TARGET = 13.5;
				LD_RUNPATH_SEARCH_PATHS = (
					"$(inherited)",
					"@executable_path/Frameworks",
				);
				MARKETING_VERSION = 1.0;
				PRODUCT_BUNDLE_IDENTIFIER = Grandschtien.PartyPoint;
				PRODUCT_NAME = "$(TARGET_NAME)";
				SWIFT_EMIT_LOC_STRINGS = YES;
				SWIFT_VERSION = 5.0;
				TARGETED_DEVICE_FAMILY = "1,2";
			};
			name = Debug;
		};
		609716ED287D752B0084A63C /* Release */ = {
			isa = XCBuildConfiguration;
			buildSettings = {
				ASSETCATALOG_COMPILER_APPICON_NAME = AppIcon;
				ASSETCATALOG_COMPILER_GLOBAL_ACCENT_COLOR_NAME = AccentColor;
				CODE_SIGN_STYLE = Automatic;
				CURRENT_PROJECT_VERSION = 1;
				DEVELOPMENT_TEAM = PLUM5QCSG5;
				GENERATE_INFOPLIST_FILE = YES;
				INFOPLIST_FILE = PartyPoint/Info.plist;
				INFOPLIST_KEY_CFBundleDisplayName = "Party Point";
				INFOPLIST_KEY_UIApplicationSupportsIndirectInputEvents = YES;
				INFOPLIST_KEY_UILaunchStoryboardName = LaunchScreen;
				INFOPLIST_KEY_UIMainStoryboardFile = Main;
				INFOPLIST_KEY_UISupportedInterfaceOrientations = UIInterfaceOrientationPortrait;
				INFOPLIST_KEY_UISupportedInterfaceOrientations_iPad = "UIInterfaceOrientationPortrait UIInterfaceOrientationPortraitUpsideDown UIInterfaceOrientationLandscapeLeft UIInterfaceOrientationLandscapeRight";
				INFOPLIST_KEY_UISupportedInterfaceOrientations_iPhone = "UIInterfaceOrientationPortrait UIInterfaceOrientationLandscapeLeft UIInterfaceOrientationLandscapeRight";
				IPHONEOS_DEPLOYMENT_TARGET = 13.5;
				LD_RUNPATH_SEARCH_PATHS = (
					"$(inherited)",
					"@executable_path/Frameworks",
				);
				MARKETING_VERSION = 1.0;
				PRODUCT_BUNDLE_IDENTIFIER = Grandschtien.PartyPoint;
				PRODUCT_NAME = "$(TARGET_NAME)";
				SWIFT_EMIT_LOC_STRINGS = YES;
				SWIFT_VERSION = 5.0;
				TARGETED_DEVICE_FAMILY = "1,2";
			};
			name = Release;
		};
/* End XCBuildConfiguration section */

/* Begin XCConfigurationList section */
		609716D2287D75230084A63C /* Build configuration list for PBXProject "PartyPoint" */ = {
			isa = XCConfigurationList;
			buildConfigurations = (
				609716E9287D752B0084A63C /* Debug */,
				609716EA287D752B0084A63C /* Release */,
			);
			defaultConfigurationIsVisible = 0;
			defaultConfigurationName = Release;
		};
		609716EB287D752B0084A63C /* Build configuration list for PBXNativeTarget "PartyPoint" */ = {
			isa = XCConfigurationList;
			buildConfigurations = (
				609716EC287D752B0084A63C /* Debug */,
				609716ED287D752B0084A63C /* Release */,
			);
			defaultConfigurationIsVisible = 0;
			defaultConfigurationName = Release;
		};
/* End XCConfigurationList section */
	};
	rootObject = 609716CF287D75230084A63C /* Project object */;
}
